
Microsoft Visual Studio Solution File, Format Version 12.00
# Visual Studio Version 17
VisualStudioVersion = 17.10.34916.146
MinimumVisualStudioVersion = 10.0.40219.1
Project("{FAE04EC0-301F-11D3-BF4B-00C04F79EFBC}") = "Forge", "Forge\Forge.csproj", "{ECDEEC40-CB75-46A7-8553-EA445B62D5D3}"
EndProject
Project("{FAE04EC0-301F-11D3-BF4B-00C04F79EFBC}") = "FunctionLibrary", "FunctionLibrary\FunctionLibrary.csproj", "{2BA4FE95-2EBC-429E-99B0-2181476CC815}"
EndProject
Project("{FAE04EC0-301F-11D3-BF4B-00C04F79EFBC}") = "PromptLibrary", "PromptLibrary\PromptLibrary.csproj", "{71A19D30-AEDC-418B-B0B0-993D7C02E4D9}"
EndProject
Global
	GlobalSection(SolutionConfigurationPlatforms) = preSolution
		Debug|Any CPU = Debug|Any CPU
		Release|Any CPU = Release|Any CPU
	EndGlobalSection
	GlobalSection(ProjectConfigurationPlatforms) = postSolution
		{ECDEEC40-CB75-46A7-8553-EA445B62D5D3}.Debug|Any CPU.ActiveCfg = Debug|Any CPU
		{ECDEEC40-CB75-46A7-8553-EA445B62D5D3}.Debug|Any CPU.Build.0 = Debug|Any CPU
		{ECDEEC40-CB75-46A7-8553-EA445B62D5D3}.Release|Any CPU.ActiveCfg = Release|Any CPU
		{ECDEEC40-CB75-46A7-8553-EA445B62D5D3}.Release|Any CPU.Build.0 = Release|Any CPU
		{2BA4FE95-2EBC-429E-99B0-2181476CC815}.Debug|Any CPU.ActiveCfg = Debug|Any CPU
		{2BA4FE95-2EBC-429E-99B0-2181476CC815}.Debug|Any CPU.Build.0 = Debug|Any CPU
		{2BA4FE95-2EBC-429E-99B0-2181476CC815}.Release|Any CPU.ActiveCfg = Release|Any CPU
		{2BA4FE95-2EBC-429E-99B0-2181476CC815}.Release|Any CPU.Build.0 = Release|Any CPU
		{71A19D30-AEDC-418B-B0B0-993D7C02E4D9}.Debug|Any CPU.ActiveCfg = Debug|Any CPU
		{71A19D30-AEDC-418B-B0B0-993D7C02E4D9}.Debug|Any CPU.Build.0 = Debug|Any CPU
		{71A19D30-AEDC-418B-B0B0-993D7C02E4D9}.Release|Any CPU.ActiveCfg = Release|Any CPU
		{71A19D30-AEDC-418B-B0B0-993D7C02E4D9}.Release|Any CPU.Build.0 = Release|Any CPU
	EndGlobalSection
	GlobalSection(SolutionProperties) = preSolution
		HideSolutionNode = FALSE
	EndGlobalSection
	GlobalSection(ExtensibilityGlobals) = postSolution
		SolutionGuid = {43B99909-9A75-43A5-8F1A-9EF712A781B8}
	EndGlobalSection
EndGlobal
